
Microsoft Visual Studio Solution File, Format Version 12.00
Project("{2150E333-8FDC-42A3-9474-1A3956D46DE8}") = "src", "src", "{D31DC91A-FEC8-4E7B-9CC6-7D81F68602A9}"
EndProject
Project("{2150E333-8FDC-42A3-9474-1A3956D46DE8}") = "Solution Items", "Solution Items", "{9209ECA9-E7DB-4C9D-BB1A-136982DBCC29}"
	ProjectSection(SolutionItems) = preProject
		.gitignore = .gitignore
		NuGet.config = NuGet.config
		global.json = global.json
		Directory.Packages.props = Directory.Packages.props
		Directory.Build.props = Directory.Build.props
		docker-compose.development.yml = docker-compose.development.yml
	EndProjectSection
EndProject
Project("{2150E333-8FDC-42A3-9474-1A3956D46DE8}") = "infrastructure", "infrastructure", "{48002F1E-73C8-4284-9611-9FE5ED4A4F8E}"
EndProject
Project("{2150E333-8FDC-42A3-9474-1A3956D46DE8}") = "contracts", "contracts", "{265478C0-7D19-47BC-ACCE-931F6AABEE39}"
EndProject
Project("{FAE04EC0-301F-11D3-BF4B-00C04F79EFBC}") = "Web", "Web\Web.csproj", "{C9BC7014-8516-41BE-8A68-9D6EBFE58EF0}"
EndProject
Project("{FAE04EC0-301F-11D3-BF4B-00C04F79EFBC}") = "Domain", "Domain\Domain.csproj", "{099862E1-831B-4B7A-9471-F6A6D1BACC8D}"
EndProject
Project("{FAE04EC0-301F-11D3-BF4B-00C04F79EFBC}") = "Persistence", "Persistence\Persistence.csproj", "{F65CD3CE-A956-4904-A03B-0D05F23A6AD2}"
EndProject
Project("{FAE04EC0-301F-11D3-BF4B-00C04F79EFBC}") = "Persistence.Contracts", "Persistence.Contracts\Persistence.Contracts.csproj", "{F57ECE67-A6FC-4BA8-AD4A-D38641299A4A}"
EndProject
Project("{FAE04EC0-301F-11D3-BF4B-00C04F79EFBC}") = "Application.Contracts", "Application.Contracts\Application.Contracts.csproj", "{317BDD88-496D-4B52-BC22-6BEDAD1D3463}"
EndProject
Project("{FAE04EC0-301F-11D3-BF4B-00C04F79EFBC}") = "Application", "Application\Application.csproj", "{B48F00D2-4BC9-4B8F-8417-E11E7680CDD4}"
EndProject
Global
	GlobalSection(SolutionConfigurationPlatforms) = preSolution
		Debug|Any CPU = Debug|Any CPU
		Release|Any CPU = Release|Any CPU
	EndGlobalSection
	GlobalSection(NestedProjects) = preSolution
		{48002F1E-73C8-4284-9611-9FE5ED4A4F8E} = {D31DC91A-FEC8-4E7B-9CC6-7D81F68602A9}
		{265478C0-7D19-47BC-ACCE-931F6AABEE39} = {D31DC91A-FEC8-4E7B-9CC6-7D81F68602A9}
		{C9BC7014-8516-41BE-8A68-9D6EBFE58EF0} = {D31DC91A-FEC8-4E7B-9CC6-7D81F68602A9}
		{099862E1-831B-4B7A-9471-F6A6D1BACC8D} = {D31DC91A-FEC8-4E7B-9CC6-7D81F68602A9}
		{F65CD3CE-A956-4904-A03B-0D05F23A6AD2} = {48002F1E-73C8-4284-9611-9FE5ED4A4F8E}
		{F57ECE67-A6FC-4BA8-AD4A-D38641299A4A} = {265478C0-7D19-47BC-ACCE-931F6AABEE39}
		{317BDD88-496D-4B52-BC22-6BEDAD1D3463} = {265478C0-7D19-47BC-ACCE-931F6AABEE39}
		{B48F00D2-4BC9-4B8F-8417-E11E7680CDD4} = {D31DC91A-FEC8-4E7B-9CC6-7D81F68602A9}
	EndGlobalSection
	GlobalSection(ProjectConfigurationPlatforms) = postSolution
		{C9BC7014-8516-41BE-8A68-9D6EBFE58EF0}.Debug|Any CPU.ActiveCfg = Debug|Any CPU
		{C9BC7014-8516-41BE-8A68-9D6EBFE58EF0}.Debug|Any CPU.Build.0 = Debug|Any CPU
		{C9BC7014-8516-41BE-8A68-9D6EBFE58EF0}.Release|Any CPU.ActiveCfg = Release|Any CPU
		{C9BC7014-8516-41BE-8A68-9D6EBFE58EF0}.Release|Any CPU.Build.0 = Release|Any CPU
		{099862E1-831B-4B7A-9471-F6A6D1BACC8D}.Debug|Any CPU.ActiveCfg = Debug|Any CPU
		{099862E1-831B-4B7A-9471-F6A6D1BACC8D}.Debug|Any CPU.Build.0 = Debug|Any CPU
		{099862E1-831B-4B7A-9471-F6A6D1BACC8D}.Release|Any CPU.ActiveCfg = Release|Any CPU
		{099862E1-831B-4B7A-9471-F6A6D1BACC8D}.Release|Any CPU.Build.0 = Release|Any CPU
		{F65CD3CE-A956-4904-A03B-0D05F23A6AD2}.Debug|Any CPU.ActiveCfg = Debug|Any CPU
		{F65CD3CE-A956-4904-A03B-0D05F23A6AD2}.Debug|Any CPU.Build.0 = Debug|Any CPU
		{F65CD3CE-A956-4904-A03B-0D05F23A6AD2}.Release|Any CPU.ActiveCfg = Release|Any CPU
		{F65CD3CE-A956-4904-A03B-0D05F23A6AD2}.Release|Any CPU.Build.0 = Release|Any CPU
		{F57ECE67-A6FC-4BA8-AD4A-D38641299A4A}.Debug|Any CPU.ActiveCfg = Debug|Any CPU
		{F57ECE67-A6FC-4BA8-AD4A-D38641299A4A}.Debug|Any CPU.Build.0 = Debug|Any CPU
		{F57ECE67-A6FC-4BA8-AD4A-D38641299A4A}.Release|Any CPU.ActiveCfg = Release|Any CPU
		{F57ECE67-A6FC-4BA8-AD4A-D38641299A4A}.Release|Any CPU.Build.0 = Release|Any CPU
		{317BDD88-496D-4B52-BC22-6BEDAD1D3463}.Debug|Any CPU.ActiveCfg = Debug|Any CPU
		{317BDD88-496D-4B52-BC22-6BEDAD1D3463}.Debug|Any CPU.Build.0 = Debug|Any CPU
		{317BDD88-496D-4B52-BC22-6BEDAD1D3463}.Release|Any CPU.ActiveCfg = Release|Any CPU
		{317BDD88-496D-4B52-BC22-6BEDAD1D3463}.Release|Any CPU.Build.0 = Release|Any CPU
		{B48F00D2-4BC9-4B8F-8417-E11E7680CDD4}.Debug|Any CPU.ActiveCfg = Debug|Any CPU
		{B48F00D2-4BC9-4B8F-8417-E11E7680CDD4}.Debug|Any CPU.Build.0 = Debug|Any CPU
		{B48F00D2-4BC9-4B8F-8417-E11E7680CDD4}.Release|Any CPU.ActiveCfg = Release|Any CPU
		{B48F00D2-4BC9-4B8F-8417-E11E7680CDD4}.Release|Any CPU.Build.0 = Release|Any CPU
	EndGlobalSection
EndGlobal
