
Microsoft Visual Studio Solution File, Format Version 12.00
Project("{2150E333-8FDC-42A3-9474-1A3956D46DE8}") = "src", "src", "{D31DC91A-FEC8-4E7B-9CC6-7D81F68602A9}"
EndProject
Project("{2150E333-8FDC-42A3-9474-1A3956D46DE8}") = "Solution Items", "Solution Items", "{9209ECA9-E7DB-4C9D-BB1A-136982DBCC29}"
	ProjectSection(SolutionItems) = preProject
		.gitignore = .gitignore
		NuGet.config = NuGet.config
		global.json = global.json
		Directory.Packages.props = Directory.Packages.props
		Directory.Build.props = Directory.Build.props
		docker-compose.development.yml = docker-compose.development.yml
	EndProjectSection
EndProject
Project("{2150E333-8FDC-42A3-9474-1A3956D46DE8}") = "infrastructure", "infrastructure", "{48002F1E-73C8-4284-9611-9FE5ED4A4F8E}"
EndProject
Project("{2150E333-8FDC-42A3-9474-1A3956D46DE8}") = "contracts", "contracts", "{265478C0-7D19-47BC-ACCE-931F6AABEE39}"
EndProject
Project("{2150E333-8FDC-42A3-9474-1A3956D46DE8}") = "domain", "domain", "{3A95BF9F-D71E-45B2-AB1B-4525A6A843C2}"
EndProject
Project("{2150E333-8FDC-42A3-9474-1A3956D46DE8}") = "application", "application", "{AF8D0C9E-4ACF-47FB-9356-9153A6AF77F4}"
EndProject
Project("{2150E333-8FDC-42A3-9474-1A3956D46DE8}") = "events", "events", "{F7E6CF21-EB32-4760-9619-42761065216B}"
EndProject
Global
	GlobalSection(SolutionConfigurationPlatforms) = preSolution
		Debug|Any CPU = Debug|Any CPU
		Release|Any CPU = Release|Any CPU
	EndGlobalSection
	GlobalSection(NestedProjects) = preSolution
		{48002F1E-73C8-4284-9611-9FE5ED4A4F8E} = {D31DC91A-FEC8-4E7B-9CC6-7D81F68602A9}
		{265478C0-7D19-47BC-ACCE-931F6AABEE39} = {D31DC91A-FEC8-4E7B-9CC6-7D81F68602A9}
		{3A95BF9F-D71E-45B2-AB1B-4525A6A843C2} = {D31DC91A-FEC8-4E7B-9CC6-7D81F68602A9}
		{AF8D0C9E-4ACF-47FB-9356-9153A6AF77F4} = {D31DC91A-FEC8-4E7B-9CC6-7D81F68602A9}
		{F7E6CF21-EB32-4760-9619-42761065216B} = {D31DC91A-FEC8-4E7B-9CC6-7D81F68602A9}
	EndGlobalSection
	GlobalSection(ProjectConfigurationPlatforms) = postSolution
	EndGlobalSection
EndGlobal
