
Microsoft Visual Studio Solution File, Format Version 12.00
Project("{2150E333-8FDC-42A3-9474-1A3956D46DE8}") = "src", "src", "{D31DC91A-FEC8-4E7B-9CC6-7D81F68602A9}"
EndProject
Project("{2150E333-8FDC-42A3-9474-1A3956D46DE8}") = "Solution Items", "Solution Items", "{9209ECA9-E7DB-4C9D-BB1A-136982DBCC29}"
	ProjectSection(SolutionItems) = preProject
		.gitignore = .gitignore
		NuGet.config = NuGet.config
		global.json = global.json
		Directory.Packages.props = Directory.Packages.props
		Directory.Build.props = Directory.Build.props
		docker-compose.development.yml = docker-compose.development.yml
	EndProjectSection
EndProject
Project("{2150E333-8FDC-42A3-9474-1A3956D46DE8}") = "infrastructure", "infrastructure", "{48002F1E-73C8-4284-9611-9FE5ED4A4F8E}"
EndProject
Project("{FAE04EC0-301F-11D3-BF4B-00C04F79EFBC}") = "Persistence", "Persistence\Persistence.csproj", "{25B7396B-37EE-4516-8996-B8240F82B6F0}"
EndProject
Project("{2150E333-8FDC-42A3-9474-1A3956D46DE8}") = "contracts", "contracts", "{265478C0-7D19-47BC-ACCE-931F6AABEE39}"
EndProject
Project("{FAE04EC0-301F-11D3-BF4B-00C04F79EFBC}") = "Persistence.Contracts", "Persistence.Contracts\Persistence.Contracts.csproj", "{61237686-0B99-4CF0-8DB1-DBD009884D98}"
EndProject
Project("{FAE04EC0-301F-11D3-BF4B-00C04F79EFBC}") = "Application.Buckets", "Application.Buckets\Application.Buckets.csproj", "{BF0DAE24-6724-4E53-8C22-9EB796DF60AC}"
EndProject
Project("{FAE04EC0-301F-11D3-BF4B-00C04F79EFBC}") = "Application.Buckets.Contracts", "Application.Buckets.Contracts\Application.Buckets.Contracts.csproj", "{E4A6B05F-72CB-4C76-89ED-966418B0556E}"
EndProject
Project("{FAE04EC0-301F-11D3-BF4B-00C04F79EFBC}") = "Web", "Web\Web.csproj", "{A311BCE1-B77F-4143-856E-955B1A02D3FA}"
EndProject
Project("{FAE04EC0-301F-11D3-BF4B-00C04F79EFBC}") = "Domain.Orders", "Domain.Orders\Domain.Orders.csproj", "{C4581E3A-ECB3-42A7-9207-CA93A23C0AA1}"
EndProject
Project("{2150E333-8FDC-42A3-9474-1A3956D46DE8}") = "domain", "domain", "{3A95BF9F-D71E-45B2-AB1B-4525A6A843C2}"
EndProject
Project("{FAE04EC0-301F-11D3-BF4B-00C04F79EFBC}") = "Domain.Categories", "Domain.Categories\Domain.Categories.csproj", "{79D81721-65C0-46E1-9C7E-02F0A6EF0DB7}"
EndProject
Project("{FAE04EC0-301F-11D3-BF4B-00C04F79EFBC}") = "Domain.Buckets", "Domain.Buckets\Domain.Buckets.csproj", "{CC144E31-7EDE-4945-9E72-6B043C98B275}"
EndProject
Project("{FAE04EC0-301F-11D3-BF4B-00C04F79EFBC}") = "Clients.Contracts", "Clients.Contracts\Clients.Contracts.csproj", "{212355E5-3363-457C-B075-298F5F8BAEA8}"
EndProject
Project("{2150E333-8FDC-42A3-9474-1A3956D46DE8}") = "application", "application", "{AF8D0C9E-4ACF-47FB-9356-9153A6AF77F4}"
EndProject
Project("{FAE04EC0-301F-11D3-BF4B-00C04F79EFBC}") = "Application.Categories", "Application.Categories\Application.Categories.csproj", "{931EA953-02BD-4077-97EA-5FCE441FCF43}"
EndProject
Project("{FAE04EC0-301F-11D3-BF4B-00C04F79EFBC}") = "Application.Categories.Contracts", "Application.Categories.Contracts\Application.Categories.Contracts.csproj", "{9043F00B-867A-4B3E-B90F-4E54B72B5FE4}"
EndProject
Global
	GlobalSection(SolutionConfigurationPlatforms) = preSolution
		Debug|Any CPU = Debug|Any CPU
		Release|Any CPU = Release|Any CPU
	EndGlobalSection
	GlobalSection(NestedProjects) = preSolution
		{48002F1E-73C8-4284-9611-9FE5ED4A4F8E} = {D31DC91A-FEC8-4E7B-9CC6-7D81F68602A9}
		{25B7396B-37EE-4516-8996-B8240F82B6F0} = {48002F1E-73C8-4284-9611-9FE5ED4A4F8E}
		{265478C0-7D19-47BC-ACCE-931F6AABEE39} = {D31DC91A-FEC8-4E7B-9CC6-7D81F68602A9}
		{61237686-0B99-4CF0-8DB1-DBD009884D98} = {265478C0-7D19-47BC-ACCE-931F6AABEE39}
		{E4A6B05F-72CB-4C76-89ED-966418B0556E} = {265478C0-7D19-47BC-ACCE-931F6AABEE39}
		{A311BCE1-B77F-4143-856E-955B1A02D3FA} = {D31DC91A-FEC8-4E7B-9CC6-7D81F68602A9}
		{3A95BF9F-D71E-45B2-AB1B-4525A6A843C2} = {D31DC91A-FEC8-4E7B-9CC6-7D81F68602A9}
		{C4581E3A-ECB3-42A7-9207-CA93A23C0AA1} = {3A95BF9F-D71E-45B2-AB1B-4525A6A843C2}
		{79D81721-65C0-46E1-9C7E-02F0A6EF0DB7} = {3A95BF9F-D71E-45B2-AB1B-4525A6A843C2}
		{CC144E31-7EDE-4945-9E72-6B043C98B275} = {3A95BF9F-D71E-45B2-AB1B-4525A6A843C2}
		{212355E5-3363-457C-B075-298F5F8BAEA8} = {265478C0-7D19-47BC-ACCE-931F6AABEE39}
		{AF8D0C9E-4ACF-47FB-9356-9153A6AF77F4} = {D31DC91A-FEC8-4E7B-9CC6-7D81F68602A9}
		{BF0DAE24-6724-4E53-8C22-9EB796DF60AC} = {AF8D0C9E-4ACF-47FB-9356-9153A6AF77F4}
		{931EA953-02BD-4077-97EA-5FCE441FCF43} = {AF8D0C9E-4ACF-47FB-9356-9153A6AF77F4}
		{9043F00B-867A-4B3E-B90F-4E54B72B5FE4} = {265478C0-7D19-47BC-ACCE-931F6AABEE39}
	EndGlobalSection
	GlobalSection(ProjectConfigurationPlatforms) = postSolution
		{25B7396B-37EE-4516-8996-B8240F82B6F0}.Debug|Any CPU.ActiveCfg = Debug|Any CPU
		{25B7396B-37EE-4516-8996-B8240F82B6F0}.Debug|Any CPU.Build.0 = Debug|Any CPU
		{25B7396B-37EE-4516-8996-B8240F82B6F0}.Release|Any CPU.ActiveCfg = Release|Any CPU
		{25B7396B-37EE-4516-8996-B8240F82B6F0}.Release|Any CPU.Build.0 = Release|Any CPU
		{61237686-0B99-4CF0-8DB1-DBD009884D98}.Debug|Any CPU.ActiveCfg = Debug|Any CPU
		{61237686-0B99-4CF0-8DB1-DBD009884D98}.Debug|Any CPU.Build.0 = Debug|Any CPU
		{61237686-0B99-4CF0-8DB1-DBD009884D98}.Release|Any CPU.ActiveCfg = Release|Any CPU
		{61237686-0B99-4CF0-8DB1-DBD009884D98}.Release|Any CPU.Build.0 = Release|Any CPU
		{BF0DAE24-6724-4E53-8C22-9EB796DF60AC}.Debug|Any CPU.ActiveCfg = Debug|Any CPU
		{BF0DAE24-6724-4E53-8C22-9EB796DF60AC}.Debug|Any CPU.Build.0 = Debug|Any CPU
		{BF0DAE24-6724-4E53-8C22-9EB796DF60AC}.Release|Any CPU.ActiveCfg = Release|Any CPU
		{BF0DAE24-6724-4E53-8C22-9EB796DF60AC}.Release|Any CPU.Build.0 = Release|Any CPU
		{E4A6B05F-72CB-4C76-89ED-966418B0556E}.Debug|Any CPU.ActiveCfg = Debug|Any CPU
		{E4A6B05F-72CB-4C76-89ED-966418B0556E}.Debug|Any CPU.Build.0 = Debug|Any CPU
		{E4A6B05F-72CB-4C76-89ED-966418B0556E}.Release|Any CPU.ActiveCfg = Release|Any CPU
		{E4A6B05F-72CB-4C76-89ED-966418B0556E}.Release|Any CPU.Build.0 = Release|Any CPU
		{A311BCE1-B77F-4143-856E-955B1A02D3FA}.Debug|Any CPU.ActiveCfg = Debug|Any CPU
		{A311BCE1-B77F-4143-856E-955B1A02D3FA}.Debug|Any CPU.Build.0 = Debug|Any CPU
		{A311BCE1-B77F-4143-856E-955B1A02D3FA}.Release|Any CPU.ActiveCfg = Release|Any CPU
		{A311BCE1-B77F-4143-856E-955B1A02D3FA}.Release|Any CPU.Build.0 = Release|Any CPU
		{C4581E3A-ECB3-42A7-9207-CA93A23C0AA1}.Debug|Any CPU.ActiveCfg = Debug|Any CPU
		{C4581E3A-ECB3-42A7-9207-CA93A23C0AA1}.Debug|Any CPU.Build.0 = Debug|Any CPU
		{C4581E3A-ECB3-42A7-9207-CA93A23C0AA1}.Release|Any CPU.ActiveCfg = Release|Any CPU
		{C4581E3A-ECB3-42A7-9207-CA93A23C0AA1}.Release|Any CPU.Build.0 = Release|Any CPU
		{79D81721-65C0-46E1-9C7E-02F0A6EF0DB7}.Debug|Any CPU.ActiveCfg = Debug|Any CPU
		{79D81721-65C0-46E1-9C7E-02F0A6EF0DB7}.Debug|Any CPU.Build.0 = Debug|Any CPU
		{79D81721-65C0-46E1-9C7E-02F0A6EF0DB7}.Release|Any CPU.ActiveCfg = Release|Any CPU
		{79D81721-65C0-46E1-9C7E-02F0A6EF0DB7}.Release|Any CPU.Build.0 = Release|Any CPU
		{CC144E31-7EDE-4945-9E72-6B043C98B275}.Debug|Any CPU.ActiveCfg = Debug|Any CPU
		{CC144E31-7EDE-4945-9E72-6B043C98B275}.Debug|Any CPU.Build.0 = Debug|Any CPU
		{CC144E31-7EDE-4945-9E72-6B043C98B275}.Release|Any CPU.ActiveCfg = Release|Any CPU
		{CC144E31-7EDE-4945-9E72-6B043C98B275}.Release|Any CPU.Build.0 = Release|Any CPU
		{212355E5-3363-457C-B075-298F5F8BAEA8}.Debug|Any CPU.ActiveCfg = Debug|Any CPU
		{212355E5-3363-457C-B075-298F5F8BAEA8}.Debug|Any CPU.Build.0 = Debug|Any CPU
		{212355E5-3363-457C-B075-298F5F8BAEA8}.Release|Any CPU.ActiveCfg = Release|Any CPU
		{212355E5-3363-457C-B075-298F5F8BAEA8}.Release|Any CPU.Build.0 = Release|Any CPU
		{931EA953-02BD-4077-97EA-5FCE441FCF43}.Debug|Any CPU.ActiveCfg = Debug|Any CPU
		{931EA953-02BD-4077-97EA-5FCE441FCF43}.Debug|Any CPU.Build.0 = Debug|Any CPU
		{931EA953-02BD-4077-97EA-5FCE441FCF43}.Release|Any CPU.ActiveCfg = Release|Any CPU
		{931EA953-02BD-4077-97EA-5FCE441FCF43}.Release|Any CPU.Build.0 = Release|Any CPU
		{9043F00B-867A-4B3E-B90F-4E54B72B5FE4}.Debug|Any CPU.ActiveCfg = Debug|Any CPU
		{9043F00B-867A-4B3E-B90F-4E54B72B5FE4}.Debug|Any CPU.Build.0 = Debug|Any CPU
		{9043F00B-867A-4B3E-B90F-4E54B72B5FE4}.Release|Any CPU.ActiveCfg = Release|Any CPU
		{9043F00B-867A-4B3E-B90F-4E54B72B5FE4}.Release|Any CPU.Build.0 = Release|Any CPU
	EndGlobalSection
EndGlobal
