
Microsoft Visual Studio Solution File, Format Version 12.00
Project("{2150E333-8FDC-42A3-9474-1A3956D46DE8}") = "src", "src", "{D31DC91A-FEC8-4E7B-9CC6-7D81F68602A9}"
EndProject
Project("{2150E333-8FDC-42A3-9474-1A3956D46DE8}") = "Solution Items", "Solution Items", "{9209ECA9-E7DB-4C9D-BB1A-136982DBCC29}"
	ProjectSection(SolutionItems) = preProject
		.gitignore = .gitignore
		NuGet.config = NuGet.config
		global.json = global.json
		Directory.Packages.props = Directory.Packages.props
		Directory.Build.props = Directory.Build.props
	EndProjectSection
EndProject
Project("{FAE04EC0-301F-11D3-BF4B-00C04F79EFBC}") = "Domain", "Domain\Domain.csproj", "{346D90DA-C5EF-4FE9-8E3B-30243402838F}"
EndProject
Global
	GlobalSection(SolutionConfigurationPlatforms) = preSolution
		Debug|Any CPU = Debug|Any CPU
		Release|Any CPU = Release|Any CPU
	EndGlobalSection
	GlobalSection(NestedProjects) = preSolution
		{346D90DA-C5EF-4FE9-8E3B-30243402838F} = {D31DC91A-FEC8-4E7B-9CC6-7D81F68602A9}
	EndGlobalSection
	GlobalSection(ProjectConfigurationPlatforms) = postSolution
		{346D90DA-C5EF-4FE9-8E3B-30243402838F}.Debug|Any CPU.ActiveCfg = Debug|Any CPU
		{346D90DA-C5EF-4FE9-8E3B-30243402838F}.Debug|Any CPU.Build.0 = Debug|Any CPU
		{346D90DA-C5EF-4FE9-8E3B-30243402838F}.Release|Any CPU.ActiveCfg = Release|Any CPU
		{346D90DA-C5EF-4FE9-8E3B-30243402838F}.Release|Any CPU.Build.0 = Release|Any CPU
	EndGlobalSection
EndGlobal
